Microsoft Visual Studio Solution File, Format Version 12.00
# Visual Studio Version 17
VisualStudioVersion = 17.5.2.0
MinimumVisualStudioVersion = 10.0.40219.1
Project("{FAE04EC0-301F-11D3-BF4B-00C04F79EFBC}") = "TestProjectIntern_n1", "TestProjectIntern_n1.csproj", "{BBEAC9B5-7BB2-1A9E-1808-25DA8B73150A}"
EndProject
Global
	GlobalSection(SolutionConfigurationPlatforms) = preSolution
		Debug|Any CPU = Debug|Any CPU
		Release|Any CPU = Release|Any CPU
	EndGlobalSection
	GlobalSection(ProjectConfigurationPlatforms) = postSolution
		{BBEAC9B5-7BB2-1A9E-1808-25DA8B73150A}.Debug|Any CPU.ActiveCfg = Debug|Any CPU
		{BBEAC9B5-7BB2-1A9E-1808-25DA8B73150A}.Debug|Any CPU.Build.0 = Debug|Any CPU
		{BBEAC9B5-7BB2-1A9E-1808-25DA8B73150A}.Release|Any CPU.ActiveCfg = Release|Any CPU
		{BBEAC9B5-7BB2-1A9E-1808-25DA8B73150A}.Release|Any CPU.Build.0 = Release|Any CPU
	EndGlobalSection
	GlobalSection(SolutionProperties) = preSolution
		HideSolutionNode = FALSE
	EndGlobalSection
	GlobalSection(ExtensibilityGlobals) = postSolution
		SolutionGuid = {1B3EAF70-2CFE-4E2E-BDCE-A07106E14718}
	EndGlobalSection
EndGlobal
